
Microsoft Visual Studio Solution File, Format Version 11.00
# Visual Studio 2010
Project("{FAE04EC0-301F-11D3-BF4B-00C04F79EFBC}") = "PowerView", "PowerView\PowerView.csproj", "{A4B3790C-3591-4624-8B39-717364E97033}"
EndProject
Project("{FAE04EC0-301F-11D3-BF4B-00C04F79EFBC}") = "PowerView.Model", "PowerView.Model\PowerView.Model.csproj", "{95AB0C37-2CD1-43FC-AE3D-3A31378C4B34}"
EndProject
Project("{FAE04EC0-301F-11D3-BF4B-00C04F79EFBC}") = "PowerView.Model.Test", "PowerView.Model.Test\PowerView.Model.Test.csproj", "{D3A53843-1C1A-42DC-8ABD-813C6704CA72}"
EndProject
Project("{FAE04EC0-301F-11D3-BF4B-00C04F79EFBC}") = "PowerView.Test", "PowerView.Test\PowerView.Test.csproj", "{5FC25435-8088-4EFB-886A-0D2DA610E8D3}"
EndProject
Project("{FAE04EC0-301F-11D3-BF4B-00C04F79EFBC}") = "PowerView.Service", "PowerView.Service\PowerView.Service.csproj", "{C8A89CD4-5DB2-44AB-B28C-30654E8D773F}"
EndProject
Project("{FAE04EC0-301F-11D3-BF4B-00C04F79EFBC}") = "PowerView.Service.Test", "PowerView.Service.Test\PowerView.Service.Test.csproj", "{2D4D4C05-6595-40F0-ABC0-DCA5B1B39F9B}"
EndProject
Global
	GlobalSection(SolutionConfigurationPlatforms) = preSolution
		Debug|x86 = Debug|x86
		Release|x86 = Release|x86
	EndGlobalSection
	GlobalSection(ProjectConfigurationPlatforms) = postSolution
		{2D4D4C05-6595-40F0-ABC0-DCA5B1B39F9B}.Debug|x86.ActiveCfg = Debug|Any CPU
		{2D4D4C05-6595-40F0-ABC0-DCA5B1B39F9B}.Debug|x86.Build.0 = Debug|Any CPU
		{2D4D4C05-6595-40F0-ABC0-DCA5B1B39F9B}.Release|x86.ActiveCfg = Release|Any CPU
		{2D4D4C05-6595-40F0-ABC0-DCA5B1B39F9B}.Release|x86.Build.0 = Release|Any CPU
		{5FC25435-8088-4EFB-886A-0D2DA610E8D3}.Debug|x86.ActiveCfg = Debug|Any CPU
		{5FC25435-8088-4EFB-886A-0D2DA610E8D3}.Debug|x86.Build.0 = Debug|Any CPU
		{5FC25435-8088-4EFB-886A-0D2DA610E8D3}.Release|x86.ActiveCfg = Release|Any CPU
		{5FC25435-8088-4EFB-886A-0D2DA610E8D3}.Release|x86.Build.0 = Release|Any CPU
		{95AB0C37-2CD1-43FC-AE3D-3A31378C4B34}.Debug|x86.ActiveCfg = Debug|Any CPU
		{95AB0C37-2CD1-43FC-AE3D-3A31378C4B34}.Debug|x86.Build.0 = Debug|Any CPU
		{95AB0C37-2CD1-43FC-AE3D-3A31378C4B34}.Release|x86.ActiveCfg = Release|Any CPU
		{95AB0C37-2CD1-43FC-AE3D-3A31378C4B34}.Release|x86.Build.0 = Release|Any CPU
		{A4B3790C-3591-4624-8B39-717364E97033}.Debug|x86.ActiveCfg = Debug|x86
		{A4B3790C-3591-4624-8B39-717364E97033}.Debug|x86.Build.0 = Debug|x86
		{A4B3790C-3591-4624-8B39-717364E97033}.Release|x86.ActiveCfg = Release|x86
		{A4B3790C-3591-4624-8B39-717364E97033}.Release|x86.Build.0 = Release|x86
		{C8A89CD4-5DB2-44AB-B28C-30654E8D773F}.Debug|x86.ActiveCfg = Debug|Any CPU
		{C8A89CD4-5DB2-44AB-B28C-30654E8D773F}.Debug|x86.Build.0 = Debug|Any CPU
		{C8A89CD4-5DB2-44AB-B28C-30654E8D773F}.Release|x86.ActiveCfg = Release|Any CPU
		{C8A89CD4-5DB2-44AB-B28C-30654E8D773F}.Release|x86.Build.0 = Release|Any CPU
		{D3A53843-1C1A-42DC-8ABD-813C6704CA72}.Debug|x86.ActiveCfg = Debug|Any CPU
		{D3A53843-1C1A-42DC-8ABD-813C6704CA72}.Debug|x86.Build.0 = Debug|Any CPU
		{D3A53843-1C1A-42DC-8ABD-813C6704CA72}.Release|x86.ActiveCfg = Release|Any CPU
		{D3A53843-1C1A-42DC-8ABD-813C6704CA72}.Release|x86.Build.0 = Release|Any CPU
	EndGlobalSection
	GlobalSection(MonoDevelopProperties) = preSolution
		Policies = $0
		$0.DotNetNamingPolicy = $1
		$1.DirectoryNamespaceAssociation = PrefixedHierarchical
		$0.TextStylePolicy = $2
		$2.scope = text/x-csharp
		$2.TabWidth = 2
		$2.IndentWidth = 2
		$2.TabsToSpaces = True
		$0.CSharpFormattingPolicy = $3
		$3.IndentSwitchBody = True
		$3.AnonymousMethodBraceStyle = NextLine
		$3.PropertyBraceStyle = NextLine
		$3.PropertyGetBraceStyle = NextLine
		$3.PropertySetBraceStyle = NextLine
		$3.EventBraceStyle = NextLine
		$3.EventAddBraceStyle = NextLine
		$3.EventRemoveBraceStyle = NextLine
		$3.StatementBraceStyle = NextLine
		$3.ElseNewLinePlacement = NewLine
		$3.CatchNewLinePlacement = NewLine
		$3.FinallyNewLinePlacement = NewLine
		$3.WhileNewLinePlacement = DoNotCare
		$3.ArrayInitializerWrapping = DoNotChange
		$3.ArrayInitializerBraceStyle = NextLine
		$3.BeforeMethodDeclarationParentheses = False
		$3.BeforeMethodCallParentheses = False
		$3.BeforeConstructorDeclarationParentheses = False
		$3.BeforeDelegateDeclarationParentheses = False
		$3.NewParentheses = False
		$3.SpacesBeforeBrackets = False
		$3.scope = text/x-csharp
		$0.TextStylePolicy = $4
		$4.scope = text/plain
		$0.TextStylePolicy = $5
		$5.inheritsSet = null
		$5.scope = application/config+xml
		$0.XmlFormattingPolicy = $6
		$6.scope = application/xml
		$0.TextStylePolicy = $7
		$7.inheritsSet = null
		$7.scope = application/xml
		$0.XmlFormattingPolicy = $8
		$8.inheritsSet = Mono
		$8.inheritsScope = application/xml
		$8.scope = application/xml
		$0.TextStylePolicy = $9
		$9.inheritsSet = null
		$9.scope = application/x-sh
		$0.TextStylePolicy = $10
		$10.inheritsSet = null
		$10.scope = application/x-shellscript
		$0.TextStylePolicy = $11
		$11.inheritsSet = null
		$11.scope = application/sql
		$0.StandardHeader = $12
		$12.IncludeInNewFiles = False
		$0.NameConventionPolicy = $13
		$13.Rules = $14
		$14.NamingRule = $15
		$15.Name = Type Parameters
		$15.AffectedEntity = TypeParameter
		$15.VisibilityMask = VisibilityMask
		$15.NamingStyle = PascalCase
		$15.IncludeInstanceMembers = True
		$15.IncludeStaticEntities = True
		$15.RequiredPrefixes = $36
		$36.String = T
		$15.RequiredSuffixes = $37
		$37.String = Exception
		$14.NamingRule = $16
		$16.Name = Types
		$16.AffectedEntity = Class, Struct, Enum, Delegate
		$16.VisibilityMask = Public
		$16.NamingStyle = PascalCase
		$16.IncludeInstanceMembers = True
		$16.IncludeStaticEntities = True
		$14.NamingRule = $17
		$17.Name = Interfaces
		$17.RequiredPrefixes = $18
		$18.String = I
		$17.AffectedEntity = Interface
		$17.VisibilityMask = Public
		$17.NamingStyle = PascalCase
		$17.IncludeInstanceMembers = True
		$17.IncludeStaticEntities = True
		$14.NamingRule = $19
		$19.Name = Attributes
		$19.RequiredSuffixes = $20
		$20.String = Attribute
		$19.AffectedEntity = CustomAttributes
		$19.VisibilityMask = Public
		$19.NamingStyle = PascalCase
		$19.IncludeInstanceMembers = True
		$19.IncludeStaticEntities = True
		$14.NamingRule = $21
		$21.Name = Event Arguments
		$21.RequiredSuffixes = $22
		$22.String = EventArgs
		$21.AffectedEntity = CustomEventArgs
		$21.VisibilityMask = Public
		$21.NamingStyle = PascalCase
		$21.IncludeInstanceMembers = True
		$21.IncludeStaticEntities = True
		$14.NamingRule = $23
		$23.Name = Exceptions
		$23.RequiredSuffixes = $24
		$24.String = Exception
		$23.AffectedEntity = CustomExceptions
		$23.VisibilityMask = VisibilityMask
		$23.NamingStyle = PascalCase
		$23.IncludeInstanceMembers = True
		$23.IncludeStaticEntities = True
		$14.NamingRule = $25
		$25.Name = Methods
		$25.AffectedEntity = Methods
		$25.VisibilityMask = Protected, Public
		$25.NamingStyle = PascalCase
		$25.IncludeInstanceMembers = True
		$25.IncludeStaticEntities = True
		$14.NamingRule = $26
		$26.Name = Static Readonly Fields
		$26.AffectedEntity = ReadonlyField
		$26.VisibilityMask = Protected, Public
		$26.NamingStyle = PascalCase
		$26.IncludeInstanceMembers = False
		$26.IncludeStaticEntities = True
		$14.NamingRule = $27
		$27.Name = Fields
		$27.AffectedEntity = Field
		$27.VisibilityMask = Protected, Public
		$27.NamingStyle = PascalCase
		$27.IncludeInstanceMembers = True
		$27.IncludeStaticEntities = True
		$14.NamingRule = $28
		$28.Name = ReadOnly Fields
		$28.AffectedEntity = ReadonlyField
		$28.VisibilityMask = Protected, Public
		$28.NamingStyle = PascalCase
		$28.IncludeInstanceMembers = True
		$28.IncludeStaticEntities = False
		$14.NamingRule = $29
		$29.Name = Constant Fields
		$29.AffectedEntity = ConstantField
		$29.VisibilityMask = Protected, Public
		$29.NamingStyle = PascalCase
		$29.IncludeInstanceMembers = True
		$29.IncludeStaticEntities = True
		$14.NamingRule = $30
		$30.Name = Properties
		$30.AffectedEntity = Property
		$30.VisibilityMask = Protected, Public
		$30.NamingStyle = PascalCase
		$30.IncludeInstanceMembers = True
		$30.IncludeStaticEntities = True
		$14.NamingRule = $31
		$31.Name = Events
		$31.AffectedEntity = Event
		$31.VisibilityMask = Protected, Public
		$31.NamingStyle = PascalCase
		$31.IncludeInstanceMembers = True
		$31.IncludeStaticEntities = True
		$14.NamingRule = $32
		$32.Name = Enum Members
		$32.AffectedEntity = EnumMember
		$32.VisibilityMask = VisibilityMask
		$32.NamingStyle = PascalCase
		$32.IncludeInstanceMembers = True
		$32.IncludeStaticEntities = True
		$14.NamingRule = $33
		$33.Name = Parameters
		$33.AffectedEntity = Parameter
		$33.VisibilityMask = VisibilityMask
		$33.NamingStyle = CamelCase
		$33.IncludeInstanceMembers = True
		$33.IncludeStaticEntities = True
		$14.NamingRule = $34
		$34.Name = Type Parameters
		$34.RequiredPrefixes = $35
		$35.String = T
		$34.AffectedEntity = TypeParameter
		$34.VisibilityMask = VisibilityMask
		$34.NamingStyle = PascalCase
		$34.IncludeInstanceMembers = True
		$34.IncludeStaticEntities = True
	EndGlobalSection
EndGlobal
