
Microsoft Visual Studio Solution File, Format Version 12.00
# Visual Studio Version 16
VisualStudioVersion = 16.0.30114.105
MinimumVisualStudioVersion = 10.0.40219.1
Project("{FAE04EC0-301F-11D3-BF4B-00C04F79EFBC}") = "PowerView.Model", "PowerView.Model\PowerView.Model.csproj", "{B470095F-1D99-44B3-B257-5E01964D5247}"
EndProject
Project("{FAE04EC0-301F-11D3-BF4B-00C04F79EFBC}") = "PowerView.Model.Test", "PowerView.Model.Test\PowerView.Model.Test.csproj", "{11817BEE-F163-4643-9E95-6B675B9A89DA}"
EndProject
Project("{FAE04EC0-301F-11D3-BF4B-00C04F79EFBC}") = "PowerView.Service", "PowerView.Service\PowerView.Service.csproj", "{45145DE2-66F3-4FD3-BEBB-82B656F2E56D}"
EndProject
Project("{FAE04EC0-301F-11D3-BF4B-00C04F79EFBC}") = "PowerView.Service.Test", "PowerView.Service.Test\PowerView.Service.Test.csproj", "{3F802E13-5CD7-4E3F-863F-DF2A5272498F}"
EndProject
Project("{FAE04EC0-301F-11D3-BF4B-00C04F79EFBC}") = "PowerView.Service.IntegrationTest", "PowerView.Service.IntegrationTest\PowerView.Service.IntegrationTest.csproj", "{9D6E9E41-F8A1-453C-960E-F97A2BAAB2B6}"
EndProject
Global
	GlobalSection(SolutionConfigurationPlatforms) = preSolution
		Debug|Any CPU = Debug|Any CPU
		Release|Any CPU = Release|Any CPU
	EndGlobalSection
	GlobalSection(SolutionProperties) = preSolution
		HideSolutionNode = FALSE
	EndGlobalSection
	GlobalSection(ProjectConfigurationPlatforms) = postSolution
		{B470095F-1D99-44B3-B257-5E01964D5247}.Debug|Any CPU.ActiveCfg = Debug|Any CPU
		{B470095F-1D99-44B3-B257-5E01964D5247}.Debug|Any CPU.Build.0 = Debug|Any CPU
		{B470095F-1D99-44B3-B257-5E01964D5247}.Release|Any CPU.ActiveCfg = Release|Any CPU
		{B470095F-1D99-44B3-B257-5E01964D5247}.Release|Any CPU.Build.0 = Release|Any CPU
		{11817BEE-F163-4643-9E95-6B675B9A89DA}.Debug|Any CPU.ActiveCfg = Debug|Any CPU
		{11817BEE-F163-4643-9E95-6B675B9A89DA}.Debug|Any CPU.Build.0 = Debug|Any CPU
		{11817BEE-F163-4643-9E95-6B675B9A89DA}.Release|Any CPU.ActiveCfg = Release|Any CPU
		{11817BEE-F163-4643-9E95-6B675B9A89DA}.Release|Any CPU.Build.0 = Release|Any CPU
		{45145DE2-66F3-4FD3-BEBB-82B656F2E56D}.Debug|Any CPU.ActiveCfg = Debug|Any CPU
		{45145DE2-66F3-4FD3-BEBB-82B656F2E56D}.Debug|Any CPU.Build.0 = Debug|Any CPU
		{45145DE2-66F3-4FD3-BEBB-82B656F2E56D}.Release|Any CPU.ActiveCfg = Release|Any CPU
		{45145DE2-66F3-4FD3-BEBB-82B656F2E56D}.Release|Any CPU.Build.0 = Release|Any CPU
		{3F802E13-5CD7-4E3F-863F-DF2A5272498F}.Debug|Any CPU.ActiveCfg = Debug|Any CPU
		{3F802E13-5CD7-4E3F-863F-DF2A5272498F}.Debug|Any CPU.Build.0 = Debug|Any CPU
		{3F802E13-5CD7-4E3F-863F-DF2A5272498F}.Release|Any CPU.ActiveCfg = Release|Any CPU
		{3F802E13-5CD7-4E3F-863F-DF2A5272498F}.Release|Any CPU.Build.0 = Release|Any CPU
		{9D6E9E41-F8A1-453C-960E-F97A2BAAB2B6}.Debug|Any CPU.ActiveCfg = Debug|Any CPU
		{9D6E9E41-F8A1-453C-960E-F97A2BAAB2B6}.Debug|Any CPU.Build.0 = Debug|Any CPU
		{9D6E9E41-F8A1-453C-960E-F97A2BAAB2B6}.Release|Any CPU.ActiveCfg = Release|Any CPU
		{9D6E9E41-F8A1-453C-960E-F97A2BAAB2B6}.Release|Any CPU.Build.0 = Release|Any CPU
	EndGlobalSection
EndGlobal
