{
  "version": 1,
  "dependencies": {
    "net8.0": {
      "NLog.Web.AspNetCore": {
        "type": "Direct",
        "requested": "[5.4.0, )",
        "resolved": "5.4.0",
        "contentHash": "Le6rbipSqeGVygbLGgRwZNMsbjJ+YnoAMJdZVhgjQimXwmYbDNkSswK6Mb32bKoC5aIg5mhw+hpAmgWdegs4Eg==",
        "dependencies": {
          "NLog.Extensions.Logging": "5.4.0"
        }
      },
      "Swashbuckle.AspNetCore": {
        "type": "Direct",
        "requested": "[8.0.0, )",
        "resolved": "8.0.0",
        "contentHash": "K9FzGTxmwfD+7sVf/FTq/TZFHBTXcROgdcg7gLFwKwgvXwaqTtjGVdam27j0kYfgZZyWlOKr+abmtyd2nAd5eA==",
        "dependencies": {
          "Microsoft.Extensions.ApiDescription.Server": "6.0.5",
          "Swashbuckle.AspNetCore.Swagger": "8.0.0",
          "Swashbuckle.AspNetCore.SwaggerGen": "8.0.0",
          "Swashbuckle.AspNetCore.SwaggerUI": "8.0.0"
        }
      },
      "BouncyCastle.Cryptography": {
        "type": "Transitive",
        "resolved": "2.5.1",
        "contentHash": "zy8TMeTP+1FH2NrLaNZtdRbBdq7u5MI+NFZQOBSM69u5RFkciinwzV2eveY6Kjf5MzgsYvvl6kTStsj3JrXqkg=="
      },
      "Dapper": {
        "type": "Transitive",
        "resolved": "2.1.66",
        "contentHash": "/q77jUgDOS+bzkmk3Vy9SiWMaetTw+NOoPAV0xPBsGVAyljd5S6P+4RUW7R3ZUGGr9lDRyPKgAMj2UAOwvqZYw=="
      },
      "MailKit": {
        "type": "Transitive",
        "resolved": "4.11.0",
        "contentHash": "JVoRxJ+QRqFMRtEM4veStj3pMLBPRulQGV+iZm6Tq1pnr66Dy6dFYOW9Uw02nxAVzdZAN8G+y3BsUPtgZcKXhA==",
        "dependencies": {
          "MimeKit": "4.11.0",
          "System.Formats.Asn1": "8.0.1"
        }
      },
      "Microsoft.Data.Sqlite": {
        "type": "Transitive",
        "resolved": "9.0.3",
        "contentHash": "rqw1EZ30C6bRTQ2P9/UVWNpiJhw+n4YtmBqoXXlxpdZuACvGDIZcOsOv2WPjL8HHdOJvTIh8yOufJI0HLWfAoA==",
        "dependencies": {
          "Microsoft.Data.Sqlite.Core": "9.0.3",
          "SQLitePCLRaw.bundle_e_sqlite3": "2.1.10",
          "SQLitePCLRaw.core": "2.1.10"
        }
      },
      "Microsoft.Data.Sqlite.Core": {
        "type": "Transitive",
        "resolved": "9.0.3",
        "contentHash": "rhNmI4KqeL6bOtZ7KwLVZLjrj0Bnf0PFq5Nlv2uOj9n1UuPYTbJaa816EJH5Hp5FM04H2iUcFtmmvqrl3xRCmA==",
        "dependencies": {
          "SQLitePCLRaw.core": "2.1.10"
        }
      },
      "Microsoft.Extensions.ApiDescription.Server": {
        "type": "Transitive",
        "resolved": "6.0.5",
        "contentHash": "Ckb5EDBUNJdFWyajfXzUIMRkhf52fHZOQuuZg/oiu8y7zDCVwD0iHhew6MnThjHmevanpxL3f5ci2TtHQEN6bw=="
      },
      "Microsoft.Extensions.Configuration.Abstractions": {
        "type": "Transitive",
        "resolved": "8.0.0",
        "contentHash": "3lE/iLSutpgX1CC0NOW70FJoGARRHbyKmG7dc0klnUZ9Dd9hS6N/POPWhKhMLCEuNN5nXEY5agmlFtH562vqhQ==",
        "dependencies": {
          "Microsoft.Extensions.Primitives": "8.0.0"
        }
      },
      "Microsoft.Extensions.DependencyInjection": {
        "type": "Transitive",
        "resolved": "8.0.0",
        "contentHash": "V8S3bsm50ig6JSyrbcJJ8bW2b9QLGouz+G1miK3UTaOWmMtFwNNNzUf4AleyDWUmTrWMLNnFSLEQtxmxgNQnNQ==",
        "dependencies": {
          "Microsoft.Extensions.DependencyInjection.Abstractions": "8.0.0"
        }
      },
      "Microsoft.Extensions.DependencyInjection.Abstractions": {
        "type": "Transitive",
        "resolved": "8.0.2",
        "contentHash": "3iE7UF7MQkCv1cxzCahz+Y/guQbTqieyxyaWKhrRO91itI9cOKO76OHeQDahqG4MmW5umr3CcCvGmK92lWNlbg=="
      },
      "Microsoft.Extensions.Logging": {
        "type": "Transitive",
        "resolved": "8.0.0",
        "contentHash": "tvRkov9tAJ3xP51LCv3FJ2zINmv1P8Hi8lhhtcKGqM+ImiTCC84uOPEI4z8Cdq2C3o9e+Aa0Gw0rmrsJD77W+w==",
        "dependencies": {
          "Microsoft.Extensions.DependencyInjection": "8.0.0",
          "Microsoft.Extensions.Logging.Abstractions": "8.0.0",
          "Microsoft.Extensions.Options": "8.0.0"
        }
      },
      "Microsoft.Extensions.Logging.Abstractions": {
        "type": "Transitive",
        "resolved": "8.0.3",
        "contentHash": "dL0QGToTxggRLMYY4ZYX5AMwBb+byQBd/5dMiZE07Nv73o6I5Are3C7eQTh7K2+A4ct0PVISSr7TZANbiNb2yQ==",
        "dependencies": {
          "Microsoft.Extensions.DependencyInjection.Abstractions": "8.0.2"
        }
      },
      "Microsoft.Extensions.Options": {
        "type": "Transitive",
        "resolved": "8.0.2",
        "contentHash": "dWGKvhFybsaZpGmzkGCbNNwBD1rVlWzrZKANLW/CcbFJpCEceMCGzT7zZwHOGBCbwM0SzBuceMj5HN1LKV1QqA==",
        "dependencies": {
          "Microsoft.Extensions.DependencyInjection.Abstractions": "8.0.0",
          "Microsoft.Extensions.Primitives": "8.0.0"
        }
      },
      "Microsoft.Extensions.Primitives": {
        "type": "Transitive",
        "resolved": "8.0.0",
        "contentHash": "bXJEZrW9ny8vjMF1JV253WeLhpEVzFo1lyaZu1vQ4ZxWUlVvknZ/+ftFgVheLubb4eZPSwwxBeqS1JkCOjxd8g=="
      },
      "Microsoft.OpenApi": {
        "type": "Transitive",
        "resolved": "1.6.23",
        "contentHash": "tZ1I0KXnn98CWuV8cpI247A17jaY+ILS9vvF7yhI0uPPEqF4P1d7BWL5Uwtel10w9NucllHB3nTkfYTAcHAh8g=="
      },
      "MimeKit": {
        "type": "Transitive",
        "resolved": "4.11.0",
        "contentHash": "6p0RC1qwBGBHxf7hvzuR1GngzigF+Q6HQUTbD2RbmDrnS2m1qO2rgqOhYtn8n8JH7WGZ+7RthS8lfMuMzeg8AA==",
        "dependencies": {
          "BouncyCastle.Cryptography": "2.5.1",
          "System.Security.Cryptography.Pkcs": "8.0.1"
        }
      },
      "MQTTnet": {
        "type": "Transitive",
        "resolved": "5.0.1.1416",
        "contentHash": "ONYieEMaHiIei5dAtHXywnfJGhmrd5Av5sNJSQERp6AtZdPk3xxjCR6Cv0C5RUr/XbLeHO4/HQ0Rc2bQ5NF5Mw=="
      },
      "NLog": {
        "type": "Transitive",
        "resolved": "5.4.0",
        "contentHash": "LwMcGSW3soF3/SL68rlJN3Eh3ktrAPycC3zZR/07OYBPraZUu0bygEC7kIN10lUQgMXT4s84Fi1chglGdGrQEg=="
      },
      "NLog.Extensions.Logging": {
        "type": "Transitive",
        "resolved": "5.4.0",
        "contentHash": "5T19INfbzRywZpyBGoQChsB/R7eHW9hR4Ml9O22NRjJpfltGIJ+rsoCcjwr2/V/E6i3/eXLTQwRAeDMICjWpTA==",
        "dependencies": {
          "Microsoft.Extensions.Configuration.Abstractions": "8.0.0",
          "Microsoft.Extensions.Logging": "8.0.0",
          "NLog": "5.4.0"
        }
      },
      "SQLitePCLRaw.bundle_e_sqlite3": {
        "type": "Transitive",
        "resolved": "2.1.10",
        "contentHash": "UxWuisvZ3uVcVOLJQv7urM/JiQH+v3TmaJc1BLKl5Dxfm/nTzTUrqswCqg/INiYLi61AXnHo1M1JPmPqqLnAdg==",
        "dependencies": {
          "SQLitePCLRaw.lib.e_sqlite3": "2.1.10",
          "SQLitePCLRaw.provider.e_sqlite3": "2.1.10"
        }
      },
      "SQLitePCLRaw.core": {
        "type": "Transitive",
        "resolved": "2.1.10",
        "contentHash": "Ii8JCbC7oiVclaE/mbDEK000EFIJ+ShRPwAvvV89GOZhQ+ZLtlnSWl6ksCNMKu/VGXA4Nfi2B7LhN/QFN9oBcw==",
        "dependencies": {
          "System.Memory": "4.5.3"
        }
      },
      "SQLitePCLRaw.lib.e_sqlite3": {
        "type": "Transitive",
        "resolved": "2.1.10",
        "contentHash": "mAr69tDbnf3QJpRy2nJz8Qdpebdil00fvycyByR58Cn9eARvR+UiG2Vzsp+4q1tV3ikwiYIjlXCQFc12GfebbA=="
      },
      "SQLitePCLRaw.provider.e_sqlite3": {
        "type": "Transitive",
        "resolved": "2.1.10",
        "contentHash": "uZVTi02C1SxqzgT0HqTWatIbWGb40iIkfc3FpFCpE/r7g6K0PqzDUeefL6P6HPhDtc6BacN3yQysfzP7ks+wSQ==",
        "dependencies": {
          "SQLitePCLRaw.core": "2.1.10"
        }
      },
      "Swashbuckle.AspNetCore.Swagger": {
        "type": "Transitive",
        "resolved": "8.0.0",
        "contentHash": "+8Y4pVTWbnzotIk6d6rcwsHGpCchPDqqrvYkyGlI3go+pFaKM+4eX30iCyI0hvr0RMtObJCFhK6aDtlQFbEF1g==",
        "dependencies": {
          "Microsoft.OpenApi": "1.6.23"
        }
      },
      "Swashbuckle.AspNetCore.SwaggerGen": {
        "type": "Transitive",
        "resolved": "8.0.0",
        "contentHash": "skCeIQ93yMcUm1PQby5qitFM6KLIlLMj4/i8JHy86x2OFzxTNaaas2kUg6rNV3JvucFvYCNyImg7NMtZHErSzQ==",
        "dependencies": {
          "Swashbuckle.AspNetCore.Swagger": "8.0.0"
        }
      },
      "Swashbuckle.AspNetCore.SwaggerUI": {
        "type": "Transitive",
        "resolved": "8.0.0",
        "contentHash": "IMqmgclFiZL2QIfopOmWYofZzckrl+SdMt1h4mKC0jc94F+uzt3IHA3YFC0CGlwBqTTSnxHqNUKomNTeAhZbYA=="
      },
      "System.Formats.Asn1": {
        "type": "Transitive",
        "resolved": "8.0.1",
        "contentHash": "XqKba7Mm/koKSjKMfW82olQdmfbI5yqeoLV/tidRp7fbh5rmHAQ5raDI/7SU0swTzv+jgqtUGkzmFxuUg0it1A=="
      },
      "System.Memory": {
        "type": "Transitive",
        "resolved": "4.5.3",
        "contentHash": "3oDzvc/zzetpTKWMShs1AADwZjQ/36HnsufHRPcOjyRAAMLDlu2iD33MBI2opxnezcVUtXyqDXXjoFMOU9c7SA=="
      },
      "System.Security.Cryptography.Pkcs": {
        "type": "Transitive",
        "resolved": "8.0.1",
        "contentHash": "CoCRHFym33aUSf/NtWSVSZa99dkd0Hm7OCZUxORBjRB16LNhIEOf8THPqzIYlvKM0nNDAPTRBa1FxEECrgaxxA=="
      },
      "powerview.model": {
        "type": "Project",
        "dependencies": {
          "Dapper": "[2.1.66, )",
          "Microsoft.Data.Sqlite": "[9.0.3, )",
          "Microsoft.Extensions.Logging.Abstractions": "[8.0.3, )",
          "Microsoft.Extensions.Options": "[8.0.2, )"
        }
      },
      "powerview.service": {
        "type": "Project",
        "dependencies": {
          "MQTTnet": "[5.0.1.1416, )",
          "MailKit": "[4.11.0, )",
          "PowerView.Model": "[1.3.0.3119, )"
        }
      }
    }
  }
}