{
  "version": 1,
  "dependencies": {
    "net8.0": {
      "coverlet.collector": {
        "type": "Direct",
        "requested": "[6.0.4, )",
        "resolved": "6.0.4",
        "contentHash": "lkhqpF8Pu2Y7IiN7OntbsTtdbpR1syMsm2F3IgX6ootA4ffRqWL5jF7XipHuZQTdVuWG/gVAAcf8mjk8Tz0xPg=="
      },
      "Microsoft.NET.Test.Sdk": {
        "type": "Direct",
        "requested": "[18.0.0, )",
        "resolved": "18.0.0",
        "contentHash": "bvxj2Asb7nT+tqOFFerrhQeEjUYLwx0Poi0Rznu63WbqN+A4uDn1t5NWXfAOOQsF6lpmK6N2v+Vvgso7KWZS7g==",
        "dependencies": {
          "Microsoft.CodeCoverage": "18.0.0",
          "Microsoft.TestPlatform.TestHost": "18.0.0"
        }
      },
      "Moq": {
        "type": "Direct",
        "requested": "[4.20.72, )",
        "resolved": "4.20.72",
        "contentHash": "EA55cjyNn8eTNWrgrdZJH5QLFp2L43oxl1tlkoYUKIE9pRwL784OWiTXeCV5ApS+AMYEAlt7Fo03A2XfouvHmQ==",
        "dependencies": {
          "Castle.Core": "5.1.1"
        }
      },
      "MQTTnet.Server": {
        "type": "Direct",
        "requested": "[5.0.1.1416, )",
        "resolved": "5.0.1.1416",
        "contentHash": "S17xbTitOKXEp+KMpIJgsLCRYVOqH+b8IF21+fqERI0zdiF5AqOfgXhI2Fmr4Ev8ftKoAUDfEEn8ckwo478i5Q==",
        "dependencies": {
          "MQTTnet": "5.0.1.1416"
        }
      },
      "NUnit": {
        "type": "Direct",
        "requested": "[4.4.0, )",
        "resolved": "4.4.0",
        "contentHash": "7IWJcT9xWNhG9dEGdgAWdH6maCE0eVbeVnizvXACKbAyxbjoJ9+WaEb8qsCTJi3hsb18AJBtoqvWa3G7YYUQfw=="
      },
      "NUnit.Analyzers": {
        "type": "Direct",
        "requested": "[4.10.0, )",
        "resolved": "4.10.0",
        "contentHash": "w0DLq/bYgjUOugReSDJEOC3E9gOtVw85AJhVQoMk06+Kas2HdJMX0ojMjt+FoN8+38FIKlAppNOuHacIBkXJTQ=="
      },
      "NUnit3TestAdapter": {
        "type": "Direct",
        "requested": "[5.1.0, )",
        "resolved": "5.1.0",
        "contentHash": "Q5jgS+WMzXPLKPBvVjXU0R8R75nCPNZPbDAzNxrFnHU9y9K6q+9xXJzgj0HAMr2+ib+2/R1gCYeN1F27rcrgFw==",
        "dependencies": {
          "Microsoft.Testing.Extensions.VSTestBridge": "1.7.3",
          "Microsoft.Testing.Platform.MSBuild": "1.7.3"
        }
      },
      "SmtpServer": {
        "type": "Direct",
        "requested": "[11.0.0, )",
        "resolved": "11.0.0",
        "contentHash": "retmxNh3frBhwqlXoblO595at6/B/MTLW/Fa3XnXlrJMpF2KAhndxno9ws6y+dsSVwrYkLGRhrnLJcK3CuJbnQ==",
        "dependencies": {
          "System.IO.Pipelines": "8.0.0"
        }
      },
      "BouncyCastle.Cryptography": {
        "type": "Transitive",
        "resolved": "2.6.1",
        "contentHash": "vZsG2YILhthgRqO+ZVgRff4ZFKKTl0v7kqaVBLCtRvpREhfBP33pcWrdA3PRYgWuFL1RxiUFvjMUHTdBZlJcoA=="
      },
      "Castle.Core": {
        "type": "Transitive",
        "resolved": "5.1.1",
        "contentHash": "rpYtIczkzGpf+EkZgDr9CClTdemhsrwA/W5hMoPjLkRFnXzH44zDLoovXeKtmxb1ykXK9aJVODSpiJml8CTw2g==",
        "dependencies": {
          "System.Diagnostics.EventLog": "6.0.0"
        }
      },
      "Dapper": {
        "type": "Transitive",
        "resolved": "2.1.66",
        "contentHash": "/q77jUgDOS+bzkmk3Vy9SiWMaetTw+NOoPAV0xPBsGVAyljd5S6P+4RUW7R3ZUGGr9lDRyPKgAMj2UAOwvqZYw=="
      },
      "MailKit": {
        "type": "Transitive",
        "resolved": "4.14.0",
        "contentHash": "x1J8KIXGP8bWiiLox9g/hSdecqdDcOr9mZa4lumPjT1rvd+mnVm2pOOB4sYgABYcwW2uI7mAQMk7M+4OBD9iiA==",
        "dependencies": {
          "MimeKit": "4.14.0",
          "System.Formats.Asn1": "8.0.1"
        }
      },
      "Microsoft.ApplicationInsights": {
        "type": "Transitive",
        "resolved": "2.23.0",
        "contentHash": "nWArUZTdU7iqZLycLKWe0TDms48KKGE6pONH2terYNa8REXiqixrMOkf1sk5DHGMaUTqONU2YkS4SAXBhLStgw==",
        "dependencies": {
          "System.Diagnostics.DiagnosticSource": "5.0.0"
        }
      },
      "Microsoft.CodeCoverage": {
        "type": "Transitive",
        "resolved": "18.0.0",
        "contentHash": "DFPhMrsIofgJ1DDU3ModqqRArDm15/bNl4ecmcuBspZkZ4ONYnCC0R8U27WzK7cYv6r8l6Q/fRmvg7cb+I/dJA=="
      },
      "Microsoft.Data.Sqlite": {
        "type": "Transitive",
        "resolved": "9.0.9",
        "contentHash": "23V9T+bci2R6YZ48PkXH84ceCVY0K+4CnkUuD/jMQmP7ZCg2n0ZC/G+ATl8MNV0OeVE6+2+gCaY3BeNSotbObg==",
        "dependencies": {
          "Microsoft.Data.Sqlite.Core": "9.0.9",
          "SQLitePCLRaw.bundle_e_sqlite3": "2.1.10",
          "SQLitePCLRaw.core": "2.1.10"
        }
      },
      "Microsoft.Data.Sqlite.Core": {
        "type": "Transitive",
        "resolved": "9.0.9",
        "contentHash": "DjxZRueHp0qvZxhvW+H1IWYkSofZI8Chg710KYJjNP/6S4q3rt97pvR8AHOompkSwaN92VLKz5uw01iUt85cMg==",
        "dependencies": {
          "SQLitePCLRaw.core": "2.1.10"
        }
      },
      "Microsoft.Extensions.DependencyInjection.Abstractions": {
        "type": "Transitive",
        "resolved": "9.0.9",
        "contentHash": "/hymojfWbE9AlDOa0mczR44m00Jj+T3+HZO0ZnVTI032fVycI0ZbNOVFP6kqZMcXiLSYXzR2ilcwaRi6dzeGyA=="
      },
      "Microsoft.Extensions.Logging.Abstractions": {
        "type": "Transitive",
        "resolved": "9.0.9",
        "contentHash": "FEgpSF+Z9StMvrsSViaybOBwR0f0ZZxDm8xV5cSOFiXN/t+ys+rwAlTd/6yG7Ld1gfppgvLcMasZry3GsI9lGA==",
        "dependencies": {
          "Microsoft.Extensions.DependencyInjection.Abstractions": "9.0.9",
          "System.Diagnostics.DiagnosticSource": "9.0.9"
        }
      },
      "Microsoft.Extensions.Options": {
        "type": "Transitive",
        "resolved": "9.0.9",
        "contentHash": "loxGGHE1FC2AefwPHzrjPq7X92LQm64qnU/whKfo6oWaceewPUVYQJBJs3S3E2qlWwnCpeZ+dGCPTX+5dgVAuQ==",
        "dependencies": {
          "Microsoft.Extensions.DependencyInjection.Abstractions": "9.0.9",
          "Microsoft.Extensions.Primitives": "9.0.9"
        }
      },
      "Microsoft.Extensions.Primitives": {
        "type": "Transitive",
        "resolved": "9.0.9",
        "contentHash": "z4pyMePOrl733ltTowbN565PxBw1oAr8IHmIXNDiDqd22nFpYltX9KhrNC/qBWAG1/Zx5MHX+cOYhWJQYCO/iw=="
      },
      "Microsoft.Testing.Extensions.Telemetry": {
        "type": "Transitive",
        "resolved": "1.7.3",
        "contentHash": "udSTexALlmp01a6a4fNzzpcUyUZOUbVZRRdHotCcnM1pCl3G1wqRWJlD9B6vDaIw29tYBPv7iA+YbVvq61RonA==",
        "dependencies": {
          "Microsoft.ApplicationInsights": "2.23.0",
          "Microsoft.Testing.Platform": "1.7.3"
        }
      },
      "Microsoft.Testing.Extensions.TrxReport.Abstractions": {
        "type": "Transitive",
        "resolved": "1.7.3",
        "contentHash": "dDEETHbX5JQBMIFgBPkX/FmCU4DRQSG+k58QUtz7zTdnEZDafPKH6YHSMoHY3blDiZV/vcSol35Ux3WC7wU+9Q==",
        "dependencies": {
          "Microsoft.Testing.Platform": "1.7.3"
        }
      },
      "Microsoft.Testing.Extensions.VSTestBridge": {
        "type": "Transitive",
        "resolved": "1.7.3",
        "contentHash": "iLD8UlqQis9eVmgKxuqEUBm1Tzmsqj6xluj8xe6/scM+PQ84eDX2oqi0rra2N0JLli5LxloTb0iWYN5y4+kn1A==",
        "dependencies": {
          "Microsoft.TestPlatform.AdapterUtilities": "17.13.0",
          "Microsoft.TestPlatform.ObjectModel": "17.13.0",
          "Microsoft.Testing.Extensions.Telemetry": "1.7.3",
          "Microsoft.Testing.Extensions.TrxReport.Abstractions": "1.7.3",
          "Microsoft.Testing.Platform": "1.7.3"
        }
      },
      "Microsoft.Testing.Platform": {
        "type": "Transitive",
        "resolved": "1.7.3",
        "contentHash": "cI6u+CPxv3+07cbSwJVKOfxFrecbjfZnid1fe8EMhyPY4qmsSNnm+hN+GIy8u4JIlrADfrskDiwnScjRzVzJNw=="
      },
      "Microsoft.Testing.Platform.MSBuild": {
        "type": "Transitive",
        "resolved": "1.7.3",
        "contentHash": "tSIKXv7tLLYDjfodqLuTigsmOVcYj0CDC1rYeac5MTgHjbYV8IfmYh4FprBt/xE1zW8phkCYP766F9ayo560jA==",
        "dependencies": {
          "Microsoft.Testing.Platform": "1.7.3"
        }
      },
      "Microsoft.TestPlatform.AdapterUtilities": {
        "type": "Transitive",
        "resolved": "17.13.0",
        "contentHash": "bFZ3uAhosdXjyXKURDQy37fPosCJQwedB5DG/SzsXL1QXsrfsIYty2kQMqCRRUqm8sBZBRHWRp4BT9SmpWXcKQ=="
      },
      "Microsoft.TestPlatform.ObjectModel": {
        "type": "Transitive",
        "resolved": "18.0.0",
        "contentHash": "Al/a99ymb8UdEEh6DKNiaoFn5i8fvX5PdM9LfU9Z/Q8NJrlyHHzF+LRHLbR+t89gRsJ2fFMpwYxgEn3eH1BQwA==",
        "dependencies": {
          "System.Reflection.Metadata": "8.0.0"
        }
      },
      "Microsoft.TestPlatform.TestHost": {
        "type": "Transitive",
        "resolved": "18.0.0",
        "contentHash": "aAxE8Thr9ZHGrljOYaDeLJqitQi75iE4xeEFn6CEGFirlHSn1KwpKPniuEn6zCLZ90Z3XqNlrC3ZJTuvBov45w==",
        "dependencies": {
          "Microsoft.TestPlatform.ObjectModel": "18.0.0",
          "Newtonsoft.Json": "13.0.3"
        }
      },
      "MimeKit": {
        "type": "Transitive",
        "resolved": "4.14.0",
        "contentHash": "g0LtsMC8DCTkc030C3UgVqbltOJmV5cz4AX8ASowz2ZA+lxopXSYtC1XXYmenxy606aWFLwi5Xy4cC/zyYjbjQ==",
        "dependencies": {
          "BouncyCastle.Cryptography": "2.6.1",
          "System.Security.Cryptography.Pkcs": "8.0.1"
        }
      },
      "MQTTnet": {
        "type": "Transitive",
        "resolved": "5.0.1.1416",
        "contentHash": "ONYieEMaHiIei5dAtHXywnfJGhmrd5Av5sNJSQERp6AtZdPk3xxjCR6Cv0C5RUr/XbLeHO4/HQ0Rc2bQ5NF5Mw=="
      },
      "Newtonsoft.Json": {
        "type": "Transitive",
        "resolved": "13.0.3",
        "contentHash": "HrC5BXdl00IP9zeV+0Z848QWPAoCr9P3bDEZguI+gkLcBKAOxix/tLEAAHC+UvDNPv4a2d18lOReHMOagPa+zQ=="
      },
      "SQLitePCLRaw.bundle_e_sqlite3": {
        "type": "Transitive",
        "resolved": "2.1.10",
        "contentHash": "UxWuisvZ3uVcVOLJQv7urM/JiQH+v3TmaJc1BLKl5Dxfm/nTzTUrqswCqg/INiYLi61AXnHo1M1JPmPqqLnAdg==",
        "dependencies": {
          "SQLitePCLRaw.lib.e_sqlite3": "2.1.10",
          "SQLitePCLRaw.provider.e_sqlite3": "2.1.10"
        }
      },
      "SQLitePCLRaw.core": {
        "type": "Transitive",
        "resolved": "2.1.10",
        "contentHash": "Ii8JCbC7oiVclaE/mbDEK000EFIJ+ShRPwAvvV89GOZhQ+ZLtlnSWl6ksCNMKu/VGXA4Nfi2B7LhN/QFN9oBcw==",
        "dependencies": {
          "System.Memory": "4.5.3"
        }
      },
      "SQLitePCLRaw.lib.e_sqlite3": {
        "type": "Transitive",
        "resolved": "2.1.10",
        "contentHash": "mAr69tDbnf3QJpRy2nJz8Qdpebdil00fvycyByR58Cn9eARvR+UiG2Vzsp+4q1tV3ikwiYIjlXCQFc12GfebbA=="
      },
      "SQLitePCLRaw.provider.e_sqlite3": {
        "type": "Transitive",
        "resolved": "2.1.10",
        "contentHash": "uZVTi02C1SxqzgT0HqTWatIbWGb40iIkfc3FpFCpE/r7g6K0PqzDUeefL6P6HPhDtc6BacN3yQysfzP7ks+wSQ==",
        "dependencies": {
          "SQLitePCLRaw.core": "2.1.10"
        }
      },
      "System.Collections.Immutable": {
        "type": "Transitive",
        "resolved": "8.0.0",
        "contentHash": "AurL6Y5BA1WotzlEvVaIDpqzpIPvYnnldxru8oXJU2yFxFUy3+pNXjXd1ymO+RA0rq0+590Q8gaz2l3Sr7fmqg=="
      },
      "System.Diagnostics.DiagnosticSource": {
        "type": "Transitive",
        "resolved": "9.0.9",
        "contentHash": "8hy61dsFYYSDjT9iTAfygGMU3A0EAnG69x5FUXeKsCjMhBmtTBt4UMUEW3ipprFoorOW6Jw/7hDMjXtlrsOvVQ=="
      },
      "System.Diagnostics.EventLog": {
        "type": "Transitive",
        "resolved": "6.0.0",
        "contentHash": "lcyUiXTsETK2ALsZrX+nWuHSIQeazhqPphLfaRxzdGaG93+0kELqpgEHtwWOlQe7+jSFnKwaCAgL4kjeZCQJnw=="
      },
      "System.Formats.Asn1": {
        "type": "Transitive",
        "resolved": "8.0.1",
        "contentHash": "XqKba7Mm/koKSjKMfW82olQdmfbI5yqeoLV/tidRp7fbh5rmHAQ5raDI/7SU0swTzv+jgqtUGkzmFxuUg0it1A=="
      },
      "System.IO.Pipelines": {
        "type": "Transitive",
        "resolved": "8.0.0",
        "contentHash": "FHNOatmUq0sqJOkTx+UF/9YK1f180cnW5FVqnQMvYUN0elp6wFzbtPSiqbo1/ru8ICp43JM1i7kKkk6GsNGHlA=="
      },
      "System.Memory": {
        "type": "Transitive",
        "resolved": "4.5.3",
        "contentHash": "3oDzvc/zzetpTKWMShs1AADwZjQ/36HnsufHRPcOjyRAAMLDlu2iD33MBI2opxnezcVUtXyqDXXjoFMOU9c7SA=="
      },
      "System.Reflection.Metadata": {
        "type": "Transitive",
        "resolved": "8.0.0",
        "contentHash": "ptvgrFh7PvWI8bcVqG5rsA/weWM09EnthFHR5SCnS6IN+P4mj6rE1lBDC4U8HL9/57htKAqy4KQ3bBj84cfYyQ==",
        "dependencies": {
          "System.Collections.Immutable": "8.0.0"
        }
      },
      "System.Security.Cryptography.Pkcs": {
        "type": "Transitive",
        "resolved": "8.0.1",
        "contentHash": "CoCRHFym33aUSf/NtWSVSZa99dkd0Hm7OCZUxORBjRB16LNhIEOf8THPqzIYlvKM0nNDAPTRBa1FxEECrgaxxA=="
      },
      "powerview.model": {
        "type": "Project",
        "dependencies": {
          "Dapper": "[2.1.66, )",
          "Microsoft.Data.Sqlite": "[9.0.9, )",
          "Microsoft.Extensions.Logging.Abstractions": "[9.0.9, )",
          "Microsoft.Extensions.Options": "[9.0.9, )"
        }
      },
      "powerview.service": {
        "type": "Project",
        "dependencies": {
          "MQTTnet": "[5.0.1.1416, )",
          "MailKit": "[4.14.0, )",
          "PowerView.Model": "[1.3.0.4490, )"
        }
      }
    }
  }
}